
Microsoft Visual Studio Solution File, Format Version 12.00
# Visual Studio Version 17
VisualStudioVersion = 17.10.34928.147
MinimumVisualStudioVersion = 10.0.40219.1
Project("{FAE04EC0-301F-11D3-BF4B-00C04F79EFBC}") = "teste", "teste\teste.csproj", "{047503BE-F2D5-4197-B97B-30B2227503C4}"
EndProject
Global
	GlobalSection(SolutionConfigurationPlatforms) = preSolution
		Debug|Any CPU = Debug|Any CPU
		Release|Any CPU = Release|Any CPU
	EndGlobalSection
	GlobalSection(ProjectConfigurationPlatforms) = postSolution
		{047503BE-F2D5-4197-B97B-30B2227503C4}.Debug|Any CPU.ActiveCfg = Debug|Any CPU
		{047503BE-F2D5-4197-B97B-30B2227503C4}.Debug|Any CPU.Build.0 = Debug|Any CPU
		{047503BE-F2D5-4197-B97B-30B2227503C4}.Release|Any CPU.ActiveCfg = Release|Any CPU
		{047503BE-F2D5-4197-B97B-30B2227503C4}.Release|Any CPU.Build.0 = Release|Any CPU
	EndGlobalSection
	GlobalSection(SolutionProperties) = preSolution
		HideSolutionNode = FALSE
	EndGlobalSection
	GlobalSection(ExtensibilityGlobals) = postSolution
		SolutionGuid = {2D98424C-3AD0-4849-AB1B-3CD6CA52F9C2}
	EndGlobalSection
EndGlobal
